
Microsoft Visual Studio Solution File, Format Version 12.00
# Visual Studio Version 17
VisualStudioVersion = 17.9.34902.65
MinimumVisualStudioVersion = 10.0.40219.1
Project("{FAE04EC0-301F-11D3-BF4B-00C04F79EFBC}") = "PassBruteForce", "PassBruteForce.csproj", "{31FD88C4-A788-4520-87C3-3AC12E618A8D}"
EndProject
Global
	GlobalSection(SolutionConfigurationPlatforms) = preSolution
		Debug|Any CPU = Debug|Any CPU
		Release|Any CPU = Release|Any CPU
	EndGlobalSection
	GlobalSection(ProjectConfigurationPlatforms) = postSolution
		{31FD88C4-A788-4520-87C3-3AC12E618A8D}.Debug|Any CPU.ActiveCfg = Debug|Any CPU
		{31FD88C4-A788-4520-87C3-3AC12E618A8D}.Debug|Any CPU.Build.0 = Debug|Any CPU
		{31FD88C4-A788-4520-87C3-3AC12E618A8D}.Release|Any CPU.ActiveCfg = Release|Any CPU
		{31FD88C4-A788-4520-87C3-3AC12E618A8D}.Release|Any CPU.Build.0 = Release|Any CPU
	EndGlobalSection
	GlobalSection(SolutionProperties) = preSolution
		HideSolutionNode = FALSE
	EndGlobalSection
	GlobalSection(ExtensibilityGlobals) = postSolution
		SolutionGuid = {B144D3AE-0A5B-40C7-8DFE-222D67E04BB5}
	EndGlobalSection
EndGlobal
